// !$*UTF8*$!
{
	archiveVersion = 1;
	classes = {
	};
	objectVersion = 51;
	objects = {

/* Begin PBXBuildFile section */
		AAC56F83326ED6DED09F9A24 /* Pods_Whateverbrary.framework in Frameworks */ = {isa = PBXBuildFile; fileRef = C96F87636D4C9B0C1F3DB01D /* Pods_Whateverbrary.framework */; };
		E768804F2666583400A1BBF3 /* AppDelegate.swift in Sources */ = {isa = PBXBuildFile; fileRef = E768804E2666583400A1BBF3 /* AppDelegate.swift */; };
		E76880582666583600A1BBF3 /* Assets.xcassets in Resources */ = {isa = PBXBuildFile; fileRef = E76880572666583600A1BBF3 /* Assets.xcassets */; };
		E768805B2666583600A1BBF3 /* LaunchScreen.storyboard in Resources */ = {isa = PBXBuildFile; fileRef = E76880592666583600A1BBF3 /* LaunchScreen.storyboard */; };
		E76F39902678434B00368BC2 /* GoogleService-Info.plist in Resources */ = {isa = PBXBuildFile; fileRef = E76F398F2678434B00368BC2 /* GoogleService-Info.plist */; };
		E76F399226784FCB00368BC2 /* LoginScreenViewController.swift in Sources */ = {isa = PBXBuildFile; fileRef = E76F399126784FCB00368BC2 /* LoginScreenViewController.swift */; };
		E76F39962678509100368BC2 /* ILoginScreenView.swift in Sources */ = {isa = PBXBuildFile; fileRef = E76F39952678509100368BC2 /* ILoginScreenView.swift */; };
		E76F3998267850A700368BC2 /* LoginScreenView.swift in Sources */ = {isa = PBXBuildFile; fileRef = E76F3997267850A700368BC2 /* LoginScreenView.swift */; };
		E76F399A2678512200368BC2 /* LoginScreenPresenter.swift in Sources */ = {isa = PBXBuildFile; fileRef = E76F39992678512200368BC2 /* LoginScreenPresenter.swift */; };
		E76F399C2678515300368BC2 /* LoginScreenAssembly.swift in Sources */ = {isa = PBXBuildFile; fileRef = E76F399B2678515300368BC2 /* LoginScreenAssembly.swift */; };
		E76F399E267851E200368BC2 /* LoginScreenRouter.swift in Sources */ = {isa = PBXBuildFile; fileRef = E76F399D267851E200368BC2 /* LoginScreenRouter.swift */; };
		E76F39A0267851FC00368BC2 /* ILoginScreenRouter.swift in Sources */ = {isa = PBXBuildFile; fileRef = E76F399F267851FC00368BC2 /* ILoginScreenRouter.swift */; };
		E76F39A32678525F00368BC2 /* UserModel.swift in Sources */ = {isa = PBXBuildFile; fileRef = E76F39A22678525F00368BC2 /* UserModel.swift */; };
		E76F39A52678555E00368BC2 /* ILoginScreenPresenter.swift in Sources */ = {isa = PBXBuildFile; fileRef = E76F39A42678555E00368BC2 /* ILoginScreenPresenter.swift */; };
		E76F39A7267855C500368BC2 /* ILoginScreenViewDelegate.swift in Sources */ = {isa = PBXBuildFile; fileRef = E76F39A6267855C500368BC2 /* ILoginScreenViewDelegate.swift */; };
		E76F39AA26785B2E00368BC2 /* Interface.swift in Sources */ = {isa = PBXBuildFile; fileRef = E76F39A926785B2E00368BC2 /* Interface.swift */; };
		E76F39AE2678A27D00368BC2 /* IUserDefaultsStorage.swift in Sources */ = {isa = PBXBuildFile; fileRef = E76F39AD2678A27D00368BC2 /* IUserDefaultsStorage.swift */; };
		E76F39B02678A2BD00368BC2 /* UserDefaultsStorage.swift in Sources */ = {isa = PBXBuildFile; fileRef = E76F39AF2678A2BD00368BC2 /* UserDefaultsStorage.swift */; };
		E76F39B22679AC0700368BC2 /* UserScreenViewControler.swift in Sources */ = {isa = PBXBuildFile; fileRef = E76F39B12679AC0700368BC2 /* UserScreenViewControler.swift */; };
		E76F39B62679AC2500368BC2 /* UserScreenView.swift in Sources */ = {isa = PBXBuildFile; fileRef = E76F39B52679AC2500368BC2 /* UserScreenView.swift */; };
		E76F39B82679AC2C00368BC2 /* IUserScreenView.swift in Sources */ = {isa = PBXBuildFile; fileRef = E76F39B72679AC2C00368BC2 /* IUserScreenView.swift */; };
		E76F39BA2679AC4900368BC2 /* UserScreenRouter.swift in Sources */ = {isa = PBXBuildFile; fileRef = E76F39B92679AC4900368BC2 /* UserScreenRouter.swift */; };
		E76F39BC2679AC5A00368BC2 /* UserScreenAssembly.swift in Sources */ = {isa = PBXBuildFile; fileRef = E76F39BB2679AC5A00368BC2 /* UserScreenAssembly.swift */; };
		E76F39BE2679AC6400368BC2 /* UserScreenPresenter.swift in Sources */ = {isa = PBXBuildFile; fileRef = E76F39BD2679AC6400368BC2 /* UserScreenPresenter.swift */; };
		E76F39C12679AC9F00368BC2 /* IUserScreenPresenter.swift in Sources */ = {isa = PBXBuildFile; fileRef = E76F39C02679AC9F00368BC2 /* IUserScreenPresenter.swift */; };
		E76F39C32679ACB200368BC2 /* IUserScreenRouter.swift in Sources */ = {isa = PBXBuildFile; fileRef = E76F39C22679ACB200368BC2 /* IUserScreenRouter.swift */; };
		E76F39C52679ACC300368BC2 /* IUserScreenViewDelegate.swift in Sources */ = {isa = PBXBuildFile; fileRef = E76F39C42679ACC300368BC2 /* IUserScreenViewDelegate.swift */; };
		E76F39C82679B02400368BC2 /* AuthService.swift in Sources */ = {isa = PBXBuildFile; fileRef = E76F39C72679B02400368BC2 /* AuthService.swift */; };
		E76F39CA2679D8C100368BC2 /* UserScreenButton.swift in Sources */ = {isa = PBXBuildFile; fileRef = E76F39C92679D8C100368BC2 /* UserScreenButton.swift */; };
		E76F39D0267B3B3300368BC2 /* Navigator.swift in Sources */ = {isa = PBXBuildFile; fileRef = E76F39CF267B3B3300368BC2 /* Navigator.swift */; };
		E7A069E0267C389E00CAF31C /* ICollectionScreenRouter.swift in Sources */ = {isa = PBXBuildFile; fileRef = E7A069DF267C389E00CAF31C /* ICollectionScreenRouter.swift */; };
		E7A069E2267C38AA00CAF31C /* ICollectionScreenPresenter.swift in Sources */ = {isa = PBXBuildFile; fileRef = E7A069E1267C38AA00CAF31C /* ICollectionScreenPresenter.swift */; };
		E7A069E4267C392500CAF31C /* ICollectionScreenView.swift in Sources */ = {isa = PBXBuildFile; fileRef = E7A069E3267C392500CAF31C /* ICollectionScreenView.swift */; };
		E7A069E6267C392F00CAF31C /* ICollectionScreenViewDelegate.swift in Sources */ = {isa = PBXBuildFile; fileRef = E7A069E5267C392F00CAF31C /* ICollectionScreenViewDelegate.swift */; };
		E7A069E8267C3A0A00CAF31C /* CollectionScreenAssembly.swift in Sources */ = {isa = PBXBuildFile; fileRef = E7A069E7267C3A0A00CAF31C /* CollectionScreenAssembly.swift */; };
		E7A069EA267C3ADE00CAF31C /* CollectionScreenRouter.swift in Sources */ = {isa = PBXBuildFile; fileRef = E7A069E9267C3ADE00CAF31C /* CollectionScreenRouter.swift */; };
		E7A069EC267C3AE900CAF31C /* CollectionScreenPresenter.swift in Sources */ = {isa = PBXBuildFile; fileRef = E7A069EB267C3AE900CAF31C /* CollectionScreenPresenter.swift */; };
		E7A069EE267C3AFB00CAF31C /* CollectionScreenViewController.swift in Sources */ = {isa = PBXBuildFile; fileRef = E7A069ED267C3AFB00CAF31C /* CollectionScreenViewController.swift */; };
		E7A069F0267C3B0200CAF31C /* CollectionScreenView.swift in Sources */ = {isa = PBXBuildFile; fileRef = E7A069EF267C3B0200CAF31C /* CollectionScreenView.swift */; };
		E7A069F4267C7F8D00CAF31C /* CollectionDetailsScreenAssembly.swift in Sources */ = {isa = PBXBuildFile; fileRef = E7A069F3267C7F8D00CAF31C /* CollectionDetailsScreenAssembly.swift */; };
		E7A069F6267C9EF700CAF31C /* CollectionDetailsScreenRouter.swift in Sources */ = {isa = PBXBuildFile; fileRef = E7A069F5267C9EF700CAF31C /* CollectionDetailsScreenRouter.swift */; };
		E7A069F8267C9EFF00CAF31C /* CollectionDetailsScreenPresenter.swift in Sources */ = {isa = PBXBuildFile; fileRef = E7A069F7267C9EFF00CAF31C /* CollectionDetailsScreenPresenter.swift */; };
		E7A069FA267C9F0900CAF31C /* CollectionDetailsScreenViewController.swift in Sources */ = {isa = PBXBuildFile; fileRef = E7A069F9267C9F0900CAF31C /* CollectionDetailsScreenViewController.swift */; };
		E7A069FC267C9F1100CAF31C /* CollectionDetailsScreenView.swift in Sources */ = {isa = PBXBuildFile; fileRef = E7A069FB267C9F1100CAF31C /* CollectionDetailsScreenView.swift */; };
/* End PBXBuildFile section */

/* Begin PBXFileReference section */
		0626311786A4B172A1368BDB /* Pods-Whateverbrary.debug.xcconfig */ = {isa = PBXFileReference; includeInIndex = 1; lastKnownFileType = text.xcconfig; name = "Pods-Whateverbrary.debug.xcconfig"; path = "Target Support Files/Pods-Whateverbrary/Pods-Whateverbrary.debug.xcconfig"; sourceTree = "<group>"; };
		74E105BDEAE50B6096F51A3B /* Pods-Whateverbrary.release.xcconfig */ = {isa = PBXFileReference; includeInIndex = 1; lastKnownFileType = text.xcconfig; name = "Pods-Whateverbrary.release.xcconfig"; path = "Target Support Files/Pods-Whateverbrary/Pods-Whateverbrary.release.xcconfig"; sourceTree = "<group>"; };
		C96F87636D4C9B0C1F3DB01D /* Pods_Whateverbrary.framework */ = {isa = PBXFileReference; explicitFileType = wrapper.framework; includeInIndex = 0; path = Pods_Whateverbrary.framework; sourceTree = BUILT_PRODUCTS_DIR; };
		E768804B2666583400A1BBF3 /* Whateverbrary.app */ = {isa = PBXFileReference; explicitFileType = wrapper.application; includeInIndex = 0; path = Whateverbrary.app; sourceTree = BUILT_PRODUCTS_DIR; };
		E768804E2666583400A1BBF3 /* AppDelegate.swift */ = {isa = PBXFileReference; lastKnownFileType = sourcecode.swift; path = AppDelegate.swift; sourceTree = "<group>"; };
		E76880572666583600A1BBF3 /* Assets.xcassets */ = {isa = PBXFileReference; lastKnownFileType = folder.assetcatalog; path = Assets.xcassets; sourceTree = "<group>"; };
		E768805A2666583600A1BBF3 /* Base */ = {isa = PBXFileReference; lastKnownFileType = file.storyboard; name = Base; path = Base.lproj/LaunchScreen.storyboard; sourceTree = "<group>"; };
		E768805C2666583600A1BBF3 /* Info.plist */ = {isa = PBXFileReference; lastKnownFileType = text.plist.xml; path = Info.plist; sourceTree = "<group>"; };
		E76F398F2678434B00368BC2 /* GoogleService-Info.plist */ = {isa = PBXFileReference; lastKnownFileType = text.plist; path = "GoogleService-Info.plist"; sourceTree = "<group>"; };
		E76F399126784FCB00368BC2 /* LoginScreenViewController.swift */ = {isa = PBXFileReference; lastKnownFileType = sourcecode.swift; path = LoginScreenViewController.swift; sourceTree = "<group>"; };
		E76F39952678509100368BC2 /* ILoginScreenView.swift */ = {isa = PBXFileReference; lastKnownFileType = sourcecode.swift; path = ILoginScreenView.swift; sourceTree = "<group>"; };
		E76F3997267850A700368BC2 /* LoginScreenView.swift */ = {isa = PBXFileReference; lastKnownFileType = sourcecode.swift; path = LoginScreenView.swift; sourceTree = "<group>"; };
		E76F39992678512200368BC2 /* LoginScreenPresenter.swift */ = {isa = PBXFileReference; lastKnownFileType = sourcecode.swift; path = LoginScreenPresenter.swift; sourceTree = "<group>"; };
		E76F399B2678515300368BC2 /* LoginScreenAssembly.swift */ = {isa = PBXFileReference; lastKnownFileType = sourcecode.swift; path = LoginScreenAssembly.swift; sourceTree = "<group>"; };
		E76F399D267851E200368BC2 /* LoginScreenRouter.swift */ = {isa = PBXFileReference; lastKnownFileType = sourcecode.swift; path = LoginScreenRouter.swift; sourceTree = "<group>"; };
		E76F399F267851FC00368BC2 /* ILoginScreenRouter.swift */ = {isa = PBXFileReference; lastKnownFileType = sourcecode.swift; path = ILoginScreenRouter.swift; sourceTree = "<group>"; };
		E76F39A22678525F00368BC2 /* UserModel.swift */ = {isa = PBXFileReference; lastKnownFileType = sourcecode.swift; path = UserModel.swift; sourceTree = "<group>"; };
		E76F39A42678555E00368BC2 /* ILoginScreenPresenter.swift */ = {isa = PBXFileReference; lastKnownFileType = sourcecode.swift; path = ILoginScreenPresenter.swift; sourceTree = "<group>"; };
		E76F39A6267855C500368BC2 /* ILoginScreenViewDelegate.swift */ = {isa = PBXFileReference; lastKnownFileType = sourcecode.swift; path = ILoginScreenViewDelegate.swift; sourceTree = "<group>"; };
		E76F39A926785B2E00368BC2 /* Interface.swift */ = {isa = PBXFileReference; lastKnownFileType = sourcecode.swift; path = Interface.swift; sourceTree = "<group>"; };
		E76F39AD2678A27D00368BC2 /* IUserDefaultsStorage.swift */ = {isa = PBXFileReference; lastKnownFileType = sourcecode.swift; path = IUserDefaultsStorage.swift; sourceTree = "<group>"; };
		E76F39AF2678A2BD00368BC2 /* UserDefaultsStorage.swift */ = {isa = PBXFileReference; lastKnownFileType = sourcecode.swift; path = UserDefaultsStorage.swift; sourceTree = "<group>"; };
		E76F39B12679AC0700368BC2 /* UserScreenViewControler.swift */ = {isa = PBXFileReference; lastKnownFileType = sourcecode.swift; path = UserScreenViewControler.swift; sourceTree = "<group>"; };
		E76F39B52679AC2500368BC2 /* UserScreenView.swift */ = {isa = PBXFileReference; lastKnownFileType = sourcecode.swift; path = UserScreenView.swift; sourceTree = "<group>"; };
		E76F39B72679AC2C00368BC2 /* IUserScreenView.swift */ = {isa = PBXFileReference; lastKnownFileType = sourcecode.swift; path = IUserScreenView.swift; sourceTree = "<group>"; };
		E76F39B92679AC4900368BC2 /* UserScreenRouter.swift */ = {isa = PBXFileReference; lastKnownFileType = sourcecode.swift; path = UserScreenRouter.swift; sourceTree = "<group>"; };
		E76F39BB2679AC5A00368BC2 /* UserScreenAssembly.swift */ = {isa = PBXFileReference; lastKnownFileType = sourcecode.swift; path = UserScreenAssembly.swift; sourceTree = "<group>"; };
		E76F39BD2679AC6400368BC2 /* UserScreenPresenter.swift */ = {isa = PBXFileReference; lastKnownFileType = sourcecode.swift; path = UserScreenPresenter.swift; sourceTree = "<group>"; };
		E76F39C02679AC9F00368BC2 /* IUserScreenPresenter.swift */ = {isa = PBXFileReference; lastKnownFileType = sourcecode.swift; path = IUserScreenPresenter.swift; sourceTree = "<group>"; };
		E76F39C22679ACB200368BC2 /* IUserScreenRouter.swift */ = {isa = PBXFileReference; lastKnownFileType = sourcecode.swift; path = IUserScreenRouter.swift; sourceTree = "<group>"; };
		E76F39C42679ACC300368BC2 /* IUserScreenViewDelegate.swift */ = {isa = PBXFileReference; lastKnownFileType = sourcecode.swift; path = IUserScreenViewDelegate.swift; sourceTree = "<group>"; };
		E76F39C72679B02400368BC2 /* AuthService.swift */ = {isa = PBXFileReference; lastKnownFileType = sourcecode.swift; path = AuthService.swift; sourceTree = "<group>"; };
		E76F39C92679D8C100368BC2 /* UserScreenButton.swift */ = {isa = PBXFileReference; lastKnownFileType = sourcecode.swift; path = UserScreenButton.swift; sourceTree = "<group>"; };
		E76F39CF267B3B3300368BC2 /* Navigator.swift */ = {isa = PBXFileReference; lastKnownFileType = sourcecode.swift; path = Navigator.swift; sourceTree = "<group>"; };
		E7A069DF267C389E00CAF31C /* ICollectionScreenRouter.swift */ = {isa = PBXFileReference; lastKnownFileType = sourcecode.swift; path = ICollectionScreenRouter.swift; sourceTree = "<group>"; };
		E7A069E1267C38AA00CAF31C /* ICollectionScreenPresenter.swift */ = {isa = PBXFileReference; lastKnownFileType = sourcecode.swift; path = ICollectionScreenPresenter.swift; sourceTree = "<group>"; };
		E7A069E3267C392500CAF31C /* ICollectionScreenView.swift */ = {isa = PBXFileReference; lastKnownFileType = sourcecode.swift; path = ICollectionScreenView.swift; sourceTree = "<group>"; };
		E7A069E5267C392F00CAF31C /* ICollectionScreenViewDelegate.swift */ = {isa = PBXFileReference; lastKnownFileType = sourcecode.swift; path = ICollectionScreenViewDelegate.swift; sourceTree = "<group>"; };
		E7A069E7267C3A0A00CAF31C /* CollectionScreenAssembly.swift */ = {isa = PBXFileReference; lastKnownFileType = sourcecode.swift; path = CollectionScreenAssembly.swift; sourceTree = "<group>"; };
		E7A069E9267C3ADE00CAF31C /* CollectionScreenRouter.swift */ = {isa = PBXFileReference; lastKnownFileType = sourcecode.swift; path = CollectionScreenRouter.swift; sourceTree = "<group>"; };
		E7A069EB267C3AE900CAF31C /* CollectionScreenPresenter.swift */ = {isa = PBXFileReference; lastKnownFileType = sourcecode.swift; path = CollectionScreenPresenter.swift; sourceTree = "<group>"; };
		E7A069ED267C3AFB00CAF31C /* CollectionScreenViewController.swift */ = {isa = PBXFileReference; lastKnownFileType = sourcecode.swift; path = CollectionScreenViewController.swift; sourceTree = "<group>"; };
		E7A069EF267C3B0200CAF31C /* CollectionScreenView.swift */ = {isa = PBXFileReference; lastKnownFileType = sourcecode.swift; path = CollectionScreenView.swift; sourceTree = "<group>"; };
		E7A069F3267C7F8D00CAF31C /* CollectionDetailsScreenAssembly.swift */ = {isa = PBXFileReference; lastKnownFileType = sourcecode.swift; path = CollectionDetailsScreenAssembly.swift; sourceTree = "<group>"; };
		E7A069F5267C9EF700CAF31C /* CollectionDetailsScreenRouter.swift */ = {isa = PBXFileReference; lastKnownFileType = sourcecode.swift; path = CollectionDetailsScreenRouter.swift; sourceTree = "<group>"; };
		E7A069F7267C9EFF00CAF31C /* CollectionDetailsScreenPresenter.swift */ = {isa = PBXFileReference; lastKnownFileType = sourcecode.swift; path = CollectionDetailsScreenPresenter.swift; sourceTree = "<group>"; };
		E7A069F9267C9F0900CAF31C /* CollectionDetailsScreenViewController.swift */ = {isa = PBXFileReference; lastKnownFileType = sourcecode.swift; path = CollectionDetailsScreenViewController.swift; sourceTree = "<group>"; };
		E7A069FB267C9F1100CAF31C /* CollectionDetailsScreenView.swift */ = {isa = PBXFileReference; lastKnownFileType = sourcecode.swift; path = CollectionDetailsScreenView.swift; sourceTree = "<group>"; };
/* End PBXFileReference section */

/* Begin PBXFrameworksBuildPhase section */
		E76880482666583400A1BBF3 /* Frameworks */ = {
			isa = PBXFrameworksBuildPhase;
			buildActionMask = 2147483647;
			files = (
				AAC56F83326ED6DED09F9A24 /* Pods_Whateverbrary.framework in Frameworks */,
			);
			runOnlyForDeploymentPostprocessing = 0;
		};
/* End PBXFrameworksBuildPhase section */

/* Begin PBXGroup section */
		6BB9A7824A363EDDD6E0A88C /* Frameworks */ = {
			isa = PBXGroup;
			children = (
				C96F87636D4C9B0C1F3DB01D /* Pods_Whateverbrary.framework */,
			);
			name = Frameworks;
			sourceTree = "<group>";
		};
		89D436FFCD017F962E799073 /* Pods */ = {
			isa = PBXGroup;
			children = (
				0626311786A4B172A1368BDB /* Pods-Whateverbrary.debug.xcconfig */,
				74E105BDEAE50B6096F51A3B /* Pods-Whateverbrary.release.xcconfig */,
			);
			path = Pods;
			sourceTree = "<group>";
		};
		E76880422666583400A1BBF3 = {
			isa = PBXGroup;
			children = (
				E768804D2666583400A1BBF3 /* Whateverbrary */,
				E768804C2666583400A1BBF3 /* Products */,
				89D436FFCD017F962E799073 /* Pods */,
				6BB9A7824A363EDDD6E0A88C /* Frameworks */,
			);
			sourceTree = "<group>";
		};
		E768804C2666583400A1BBF3 /* Products */ = {
			isa = PBXGroup;
			children = (
				E768804B2666583400A1BBF3 /* Whateverbrary.app */,
			);
			name = Products;
			sourceTree = "<group>";
		};
		E768804D2666583400A1BBF3 /* Whateverbrary */ = {
			isa = PBXGroup;
			children = (
				E76F398A2670CE6100368BC2 /* System */,
				E76F39AC2678A25800368BC2 /* Configuration */,
				E76F39C62679B00800368BC2 /* Service */,
				E76F39A12678525200368BC2 /* Models */,
				E76F398B2670D10600368BC2 /* Modules */,
				E768805C2666583600A1BBF3 /* Info.plist */,
				E76F398F2678434B00368BC2 /* GoogleService-Info.plist */,
			);
			path = Whateverbrary;
			sourceTree = "<group>";
		};
		E76F398A2670CE6100368BC2 /* System */ = {
			isa = PBXGroup;
			children = (
				E768804E2666583400A1BBF3 /* AppDelegate.swift */,
				E76880572666583600A1BBF3 /* Assets.xcassets */,
				E76880592666583600A1BBF3 /* LaunchScreen.storyboard */,
				E76F39CF267B3B3300368BC2 /* Navigator.swift */,
			);
			path = System;
			sourceTree = "<group>";
		};
		E76F398B2670D10600368BC2 /* Modules */ = {
			isa = PBXGroup;
			children = (
				E76F39A826785B0300368BC2 /* Interface */,
				E76F398C2670D11900368BC2 /* LoginScreen */,
				E76F398D26711BBC00368BC2 /* UserScreen */,
				E76F398E26711BE300368BC2 /* CollectionScreen */,
				E7A069F2267C7F7000CAF31C /* CollectionDetailsScreen */,
				E7A069DA267C334100CAF31C /* FriendsScreen */,
				E7A069DC267C335F00CAF31C /* BorrowedScreen */,
				E7A069DB267C334E00CAF31C /* OwedScreen */,
				E7A069DD267C337300CAF31C /* NotificationsScreen */,
			);
			path = Modules;
			sourceTree = "<group>";
		};
		E76F398C2670D11900368BC2 /* LoginScreen */ = {
			isa = PBXGroup;
			children = (
				E76F399B2678515300368BC2 /* LoginScreenAssembly.swift */,
				E76F399D267851E200368BC2 /* LoginScreenRouter.swift */,
				E76F39992678512200368BC2 /* LoginScreenPresenter.swift */,
				E76F399126784FCB00368BC2 /* LoginScreenViewController.swift */,
				E76F3997267850A700368BC2 /* LoginScreenView.swift */,
				E76F39AB2678601800368BC2 /* Protocols */,
			);
			path = LoginScreen;
			sourceTree = "<group>";
		};
		E76F398D26711BBC00368BC2 /* UserScreen */ = {
			isa = PBXGroup;
			children = (
				E76F39BB2679AC5A00368BC2 /* UserScreenAssembly.swift */,
				E76F39B92679AC4900368BC2 /* UserScreenRouter.swift */,
				E76F39BD2679AC6400368BC2 /* UserScreenPresenter.swift */,
				E76F39B12679AC0700368BC2 /* UserScreenViewControler.swift */,
				E76F39B52679AC2500368BC2 /* UserScreenView.swift */,
				E76F39BF2679AC6C00368BC2 /* Protocols */,
			);
			path = UserScreen;
			sourceTree = "<group>";
		};
		E76F398E26711BE300368BC2 /* CollectionScreen */ = {
			isa = PBXGroup;
			children = (
				E7A069E7267C3A0A00CAF31C /* CollectionScreenAssembly.swift */,
				E7A069E9267C3ADE00CAF31C /* CollectionScreenRouter.swift */,
				E7A069EB267C3AE900CAF31C /* CollectionScreenPresenter.swift */,
				E7A069ED267C3AFB00CAF31C /* CollectionScreenViewController.swift */,
				E7A069EF267C3B0200CAF31C /* CollectionScreenView.swift */,
				E7A069DE267C388200CAF31C /* Protocols */,
			);
			path = CollectionScreen;
			sourceTree = "<group>";
		};
		E76F39A12678525200368BC2 /* Models */ = {
			isa = PBXGroup;
			children = (
				E76F39A22678525F00368BC2 /* UserModel.swift */,
			);
			path = Models;
			sourceTree = "<group>";
		};
		E76F39A826785B0300368BC2 /* Interface */ = {
			isa = PBXGroup;
			children = (
				E76F39A926785B2E00368BC2 /* Interface.swift */,
				E76F39C92679D8C100368BC2 /* UserScreenButton.swift */,
			);
			path = Interface;
			sourceTree = "<group>";
		};
		E76F39AB2678601800368BC2 /* Protocols */ = {
			isa = PBXGroup;
			children = (
				E76F39952678509100368BC2 /* ILoginScreenView.swift */,
				E76F39A6267855C500368BC2 /* ILoginScreenViewDelegate.swift */,
				E76F39A42678555E00368BC2 /* ILoginScreenPresenter.swift */,
				E76F399F267851FC00368BC2 /* ILoginScreenRouter.swift */,
			);
			path = Protocols;
			sourceTree = "<group>";
		};
		E76F39AC2678A25800368BC2 /* Configuration */ = {
			isa = PBXGroup;
			children = (
				E76F39AD2678A27D00368BC2 /* IUserDefaultsStorage.swift */,
				E76F39AF2678A2BD00368BC2 /* UserDefaultsStorage.swift */,
			);
			path = Configuration;
			sourceTree = "<group>";
		};
		E76F39BF2679AC6C00368BC2 /* Protocols */ = {
			isa = PBXGroup;
			children = (
				E76F39B72679AC2C00368BC2 /* IUserScreenView.swift */,
				E76F39C42679ACC300368BC2 /* IUserScreenViewDelegate.swift */,
				E76F39C02679AC9F00368BC2 /* IUserScreenPresenter.swift */,
				E76F39C22679ACB200368BC2 /* IUserScreenRouter.swift */,
			);
			path = Protocols;
			sourceTree = "<group>";
		};
		E76F39C62679B00800368BC2 /* Service */ = {
			isa = PBXGroup;
			children = (
				E76F39C72679B02400368BC2 /* AuthService.swift */,
			);
			path = Service;
			sourceTree = "<group>";
		};
		E7A069DA267C334100CAF31C /* FriendsScreen */ = {
			isa = PBXGroup;
			children = (
			);
			path = FriendsScreen;
			sourceTree = "<group>";
		};
		E7A069DB267C334E00CAF31C /* OwedScreen */ = {
			isa = PBXGroup;
			children = (
			);
			path = OwedScreen;
			sourceTree = "<group>";
		};
		E7A069DC267C335F00CAF31C /* BorrowedScreen */ = {
			isa = PBXGroup;
			children = (
			);
			path = BorrowedScreen;
			sourceTree = "<group>";
		};
		E7A069DD267C337300CAF31C /* NotificationsScreen */ = {
			isa = PBXGroup;
			children = (
			);
			path = NotificationsScreen;
			sourceTree = "<group>";
		};
		E7A069DE267C388200CAF31C /* Protocols */ = {
			isa = PBXGroup;
			children = (
				E7A069E3267C392500CAF31C /* ICollectionScreenView.swift */,
				E7A069E5267C392F00CAF31C /* ICollectionScreenViewDelegate.swift */,
				E7A069E1267C38AA00CAF31C /* ICollectionScreenPresenter.swift */,
				E7A069DF267C389E00CAF31C /* ICollectionScreenRouter.swift */,
			);
			path = Protocols;
			sourceTree = "<group>";
		};
		E7A069F2267C7F7000CAF31C /* CollectionDetailsScreen */ = {
			isa = PBXGroup;
			children = (
				E7A069F3267C7F8D00CAF31C /* CollectionDetailsScreenAssembly.swift */,
				E7A069F5267C9EF700CAF31C /* CollectionDetailsScreenRouter.swift */,
				E7A069F7267C9EFF00CAF31C /* CollectionDetailsScreenPresenter.swift */,
				E7A069F9267C9F0900CAF31C /* CollectionDetailsScreenViewController.swift */,
				E7A069FB267C9F1100CAF31C /* CollectionDetailsScreenView.swift */,
				E7A069FD267C9F7500CAF31C /* Protocols */,
			);
			path = CollectionDetailsScreen;
			sourceTree = "<group>";
		};
		E7A069FD267C9F7500CAF31C /* Protocols */ = {
			isa = PBXGroup;
			children = (
			);
			path = Protocols;
			sourceTree = "<group>";
		};
/* End PBXGroup section */

/* Begin PBXNativeTarget section */
		E768804A2666583400A1BBF3 /* Whateverbrary */ = {
			isa = PBXNativeTarget;
			buildConfigurationList = E768805F2666583600A1BBF3 /* Build configuration list for PBXNativeTarget "Whateverbrary" */;
			buildPhases = (
				7C06360ECE375274BA03CE85 /* [CP] Check Pods Manifest.lock */,
				E76880472666583400A1BBF3 /* Sources */,
				E76880482666583400A1BBF3 /* Frameworks */,
				E76880492666583400A1BBF3 /* Resources */,
				900FA1D5E1B8D22646D011DB /* [CP] Embed Pods Frameworks */,
			);
			buildRules = (
			);
			dependencies = (
			);
			name = Whateverbrary;
			productName = Whateverbrary;
			productReference = E768804B2666583400A1BBF3 /* Whateverbrary.app */;
			productType = "com.apple.product-type.application";
		};
/* End PBXNativeTarget section */

/* Begin PBXProject section */
		E76880432666583400A1BBF3 /* Project object */ = {
			isa = PBXProject;
			attributes = {
				LastSwiftUpdateCheck = 1250;
				LastUpgradeCheck = 1250;
				TargetAttributes = {
					E768804A2666583400A1BBF3 = {
						CreatedOnToolsVersion = 12.5;
					};
				};
			};
			buildConfigurationList = E76880462666583400A1BBF3 /* Build configuration list for PBXProject "Whateverbrary" */;
			compatibilityVersion = "Xcode 9.3";
			developmentRegion = en;
			hasScannedForEncodings = 0;
			knownRegions = (
				en,
				Base,
			);
			mainGroup = E76880422666583400A1BBF3;
			productRefGroup = E768804C2666583400A1BBF3 /* Products */;
			projectDirPath = "";
			projectRoot = "";
			targets = (
				E768804A2666583400A1BBF3 /* Whateverbrary */,
			);
		};
/* End PBXProject section */

/* Begin PBXResourcesBuildPhase section */
		E76880492666583400A1BBF3 /* Resources */ = {
			isa = PBXResourcesBuildPhase;
			buildActionMask = 2147483647;
			files = (
				E768805B2666583600A1BBF3 /* LaunchScreen.storyboard in Resources */,
				E76880582666583600A1BBF3 /* Assets.xcassets in Resources */,
				E76F39902678434B00368BC2 /* GoogleService-Info.plist in Resources */,
			);
			runOnlyForDeploymentPostprocessing = 0;
		};
/* End PBXResourcesBuildPhase section */

/* Begin PBXShellScriptBuildPhase section */
		7C06360ECE375274BA03CE85 /* [CP] Check Pods Manifest.lock */ = {
			isa = PBXShellScriptBuildPhase;
			buildActionMask = 2147483647;
			files = (
			);
			inputFileListPaths = (
			);
			inputPaths = (
				"${PODS_PODFILE_DIR_PATH}/Podfile.lock",
				"${PODS_ROOT}/Manifest.lock",
			);
			name = "[CP] Check Pods Manifest.lock";
			outputFileListPaths = (
			);
			outputPaths = (
				"$(DERIVED_FILE_DIR)/Pods-Whateverbrary-checkManifestLockResult.txt",
			);
			runOnlyForDeploymentPostprocessing = 0;
			shellPath = /bin/sh;
			shellScript = "diff \"${PODS_PODFILE_DIR_PATH}/Podfile.lock\" \"${PODS_ROOT}/Manifest.lock\" > /dev/null\nif [ $? != 0 ] ; then\n    # print error to STDERR\n    echo \"error: The sandbox is not in sync with the Podfile.lock. Run 'pod install' or update your CocoaPods installation.\" >&2\n    exit 1\nfi\n# This output is used by Xcode 'outputs' to avoid re-running this script phase.\necho \"SUCCESS\" > \"${SCRIPT_OUTPUT_FILE_0}\"\n";
			showEnvVarsInLog = 0;
		};
		900FA1D5E1B8D22646D011DB /* [CP] Embed Pods Frameworks */ = {
			isa = PBXShellScriptBuildPhase;
			buildActionMask = 2147483647;
			files = (
			);
			inputFileListPaths = (
				"${PODS_ROOT}/Target Support Files/Pods-Whateverbrary/Pods-Whateverbrary-frameworks-${CONFIGURATION}-input-files.xcfilelist",
			);
			name = "[CP] Embed Pods Frameworks";
			outputFileListPaths = (
				"${PODS_ROOT}/Target Support Files/Pods-Whateverbrary/Pods-Whateverbrary-frameworks-${CONFIGURATION}-output-files.xcfilelist",
			);
			runOnlyForDeploymentPostprocessing = 0;
			shellPath = /bin/sh;
			shellScript = "\"${PODS_ROOT}/Target Support Files/Pods-Whateverbrary/Pods-Whateverbrary-frameworks.sh\"\n";
			showEnvVarsInLog = 0;
		};
/* End PBXShellScriptBuildPhase section */

/* Begin PBXSourcesBuildPhase section */
		E76880472666583400A1BBF3 /* Sources */ = {
			isa = PBXSourcesBuildPhase;
			buildActionMask = 2147483647;
			files = (
				E76F39B02678A2BD00368BC2 /* UserDefaultsStorage.swift in Sources */,
				E76F39CA2679D8C100368BC2 /* UserScreenButton.swift in Sources */,
				E76F399E267851E200368BC2 /* LoginScreenRouter.swift in Sources */,
				E76F39D0267B3B3300368BC2 /* Navigator.swift in Sources */,
				E7A069F0267C3B0200CAF31C /* CollectionScreenView.swift in Sources */,
				E7A069EA267C3ADE00CAF31C /* CollectionScreenRouter.swift in Sources */,
				E76F39BE2679AC6400368BC2 /* UserScreenPresenter.swift in Sources */,
				E76F39A0267851FC00368BC2 /* ILoginScreenRouter.swift in Sources */,
				E76F39AE2678A27D00368BC2 /* IUserDefaultsStorage.swift in Sources */,
				E7A069E6267C392F00CAF31C /* ICollectionScreenViewDelegate.swift in Sources */,
				E76F39C32679ACB200368BC2 /* IUserScreenRouter.swift in Sources */,
				E7A069EE267C3AFB00CAF31C /* CollectionScreenViewController.swift in Sources */,
				E76F39B62679AC2500368BC2 /* UserScreenView.swift in Sources */,
				E7A069E4267C392500CAF31C /* ICollectionScreenView.swift in Sources */,
				E768804F2666583400A1BBF3 /* AppDelegate.swift in Sources */,
				E76F39B82679AC2C00368BC2 /* IUserScreenView.swift in Sources */,
				E76F399A2678512200368BC2 /* LoginScreenPresenter.swift in Sources */,
				E7A069E8267C3A0A00CAF31C /* CollectionScreenAssembly.swift in Sources */,
				E7A069E2267C38AA00CAF31C /* ICollectionScreenPresenter.swift in Sources */,
				E76F39962678509100368BC2 /* ILoginScreenView.swift in Sources */,
				E76F39C52679ACC300368BC2 /* IUserScreenViewDelegate.swift in Sources */,
				E76F39B22679AC0700368BC2 /* UserScreenViewControler.swift in Sources */,
				E76F399C2678515300368BC2 /* LoginScreenAssembly.swift in Sources */,
				E7A069E0267C389E00CAF31C /* ICollectionScreenRouter.swift in Sources */,
				E76F39BA2679AC4900368BC2 /* UserScreenRouter.swift in Sources */,
				E76F39C82679B02400368BC2 /* AuthService.swift in Sources */,
				E76F39A7267855C500368BC2 /* ILoginScreenViewDelegate.swift in Sources */,
				E7A069EC267C3AE900CAF31C /* CollectionScreenPresenter.swift in Sources */,
				E76F39AA26785B2E00368BC2 /* Interface.swift in Sources */,
				E76F39A52678555E00368BC2 /* ILoginScreenPresenter.swift in Sources */,
				E7A069F6267C9EF700CAF31C /* CollectionDetailsScreenRouter.swift in Sources */,
				E7A069FA267C9F0900CAF31C /* CollectionDetailsScreenViewController.swift in Sources */,
				E7A069F8267C9EFF00CAF31C /* CollectionDetailsScreenPresenter.swift in Sources */,
				E76F39C12679AC9F00368BC2 /* IUserScreenPresenter.swift in Sources */,
				E76F3998267850A700368BC2 /* LoginScreenView.swift in Sources */,
				E7A069FC267C9F1100CAF31C /* CollectionDetailsScreenView.swift in Sources */,
				E76F399226784FCB00368BC2 /* LoginScreenViewController.swift in Sources */,
				E76F39BC2679AC5A00368BC2 /* UserScreenAssembly.swift in Sources */,
				E7A069F4267C7F8D00CAF31C /* CollectionDetailsScreenAssembly.swift in Sources */,
				E76F39A32678525F00368BC2 /* UserModel.swift in Sources */,
			);
			runOnlyForDeploymentPostprocessing = 0;
		};
/* End PBXSourcesBuildPhase section */

/* Begin PBXVariantGroup section */
		E76880592666583600A1BBF3 /* LaunchScreen.storyboard */ = {
			isa = PBXVariantGroup;
			children = (
				E768805A2666583600A1BBF3 /* Base */,
			);
			name = LaunchScreen.storyboard;
			sourceTree = "<group>";
		};
/* End PBXVariantGroup section */

/* Begin XCBuildConfiguration section */
		E768805D2666583600A1BBF3 /* Debug */ = {
			isa = XCBuildConfiguration;
			buildSettings = {
				ALWAYS_SEARCH_USER_PATHS = NO;
				CLANG_ANALYZER_NONNULL = YES;
				CLANG_ANALYZER_NUMBER_OBJECT_CONVERSION = YES_AGGRESSIVE;
				CLANG_CXX_LANGUAGE_STANDARD = "gnu++14";
				CLANG_CXX_LIBRARY = "libc++";
				CLANG_ENABLE_MODULES = YES;
				CLANG_ENABLE_OBJC_ARC = YES;
				CLANG_ENABLE_OBJC_WEAK = YES;
				CLANG_WARN_BLOCK_CAPTURE_AUTORELEASING = YES;
				CLANG_WARN_BOOL_CONVERSION = YES;
				CLANG_WARN_COMMA = YES;
				CLANG_WARN_CONSTANT_CONVERSION = YES;
				CLANG_WARN_DEPRECATED_OBJC_IMPLEMENTATIONS = YES;
				CLANG_WARN_DIRECT_OBJC_ISA_USAGE = YES_ERROR;
				CLANG_WARN_DOCUMENTATION_COMMENTS = YES;
				CLANG_WARN_EMPTY_BODY = YES;
				CLANG_WARN_ENUM_CONVERSION = YES;
				CLANG_WARN_INFINITE_RECURSION = YES;
				CLANG_WARN_INT_CONVERSION = YES;
				CLANG_WARN_NON_LITERAL_NULL_CONVERSION = YES;
				CLANG_WARN_OBJC_IMPLICIT_RETAIN_SELF = YES;
				CLANG_WARN_OBJC_LITERAL_CONVERSION = YES;
				CLANG_WARN_OBJC_ROOT_CLASS = YES_ERROR;
				CLANG_WARN_QUOTED_INCLUDE_IN_FRAMEWORK_HEADER = YES;
				CLANG_WARN_RANGE_LOOP_ANALYSIS = YES;
				CLANG_WARN_STRICT_PROTOTYPES = YES;
				CLANG_WARN_SUSPICIOUS_MOVE = YES;
				CLANG_WARN_UNGUARDED_AVAILABILITY = YES_AGGRESSIVE;
				CLANG_WARN_UNREACHABLE_CODE = YES;
				CLANG_WARN__DUPLICATE_METHOD_MATCH = YES;
				COPY_PHASE_STRIP = NO;
				DEBUG_INFORMATION_FORMAT = dwarf;
				ENABLE_STRICT_OBJC_MSGSEND = YES;
				ENABLE_TESTABILITY = YES;
				GCC_C_LANGUAGE_STANDARD = gnu11;
				GCC_DYNAMIC_NO_PIC = NO;
				GCC_NO_COMMON_BLOCKS = YES;
				GCC_OPTIMIZATION_LEVEL = 0;
				GCC_PREPROCESSOR_DEFINITIONS = (
					"DEBUG=1",
					"$(inherited)",
				);
				GCC_WARN_64_TO_32_BIT_CONVERSION = YES;
				GCC_WARN_ABOUT_RETURN_TYPE = YES_ERROR;
				GCC_WARN_UNDECLARED_SELECTOR = YES;
				GCC_WARN_UNINITIALIZED_AUTOS = YES_AGGRESSIVE;
				GCC_WARN_UNUSED_FUNCTION = YES;
				GCC_WARN_UNUSED_VARIABLE = YES;
				IPHONEOS_DEPLOYMENT_TARGET = 14.5;
				MTL_ENABLE_DEBUG_INFO = INCLUDE_SOURCE;
				MTL_FAST_MATH = YES;
				ONLY_ACTIVE_ARCH = YES;
				SDKROOT = iphoneos;
				SWIFT_ACTIVE_COMPILATION_CONDITIONS = DEBUG;
				SWIFT_OPTIMIZATION_LEVEL = "-Onone";
			};
			name = Debug;
		};
		E768805E2666583600A1BBF3 /* Release */ = {
			isa = XCBuildConfiguration;
			buildSettings = {
				ALWAYS_SEARCH_USER_PATHS = NO;
				CLANG_ANALYZER_NONNULL = YES;
				CLANG_ANALYZER_NUMBER_OBJECT_CONVERSION = YES_AGGRESSIVE;
				CLANG_CXX_LANGUAGE_STANDARD = "gnu++14";
				CLANG_CXX_LIBRARY = "libc++";
				CLANG_ENABLE_MODULES = YES;
				CLANG_ENABLE_OBJC_ARC = YES;
				CLANG_ENABLE_OBJC_WEAK = YES;
				CLANG_WARN_BLOCK_CAPTURE_AUTORELEASING = YES;
				CLANG_WARN_BOOL_CONVERSION = YES;
				CLANG_WARN_COMMA = YES;
				CLANG_WARN_CONSTANT_CONVERSION = YES;
				CLANG_WARN_DEPRECATED_OBJC_IMPLEMENTATIONS = YES;
				CLANG_WARN_DIRECT_OBJC_ISA_USAGE = YES_ERROR;
				CLANG_WARN_DOCUMENTATION_COMMENTS = YES;
				CLANG_WARN_EMPTY_BODY = YES;
				CLANG_WARN_ENUM_CONVERSION = YES;
				CLANG_WARN_INFINITE_RECURSION = YES;
				CLANG_WARN_INT_CONVERSION = YES;
				CLANG_WARN_NON_LITERAL_NULL_CONVERSION = YES;
				CLANG_WARN_OBJC_IMPLICIT_RETAIN_SELF = YES;
				CLANG_WARN_OBJC_LITERAL_CONVERSION = YES;
				CLANG_WARN_OBJC_ROOT_CLASS = YES_ERROR;
				CLANG_WARN_QUOTED_INCLUDE_IN_FRAMEWORK_HEADER = YES;
				CLANG_WARN_RANGE_LOOP_ANALYSIS = YES;
				CLANG_WARN_STRICT_PROTOTYPES = YES;
				CLANG_WARN_SUSPICIOUS_MOVE = YES;
				CLANG_WARN_UNGUARDED_AVAILABILITY = YES_AGGRESSIVE;
				CLANG_WARN_UNREACHABLE_CODE = YES;
				CLANG_WARN__DUPLICATE_METHOD_MATCH = YES;
				COPY_PHASE_STRIP = NO;
				DEBUG_INFORMATION_FORMAT = "dwarf-with-dsym";
				ENABLE_NS_ASSERTIONS = NO;
				ENABLE_STRICT_OBJC_MSGSEND = YES;
				GCC_C_LANGUAGE_STANDARD = gnu11;
				GCC_NO_COMMON_BLOCKS = YES;
				GCC_WARN_64_TO_32_BIT_CONVERSION = YES;
				GCC_WARN_ABOUT_RETURN_TYPE = YES_ERROR;
				GCC_WARN_UNDECLARED_SELECTOR = YES;
				GCC_WARN_UNINITIALIZED_AUTOS = YES_AGGRESSIVE;
				GCC_WARN_UNUSED_FUNCTION = YES;
				GCC_WARN_UNUSED_VARIABLE = YES;
				IPHONEOS_DEPLOYMENT_TARGET = 14.5;
				MTL_ENABLE_DEBUG_INFO = NO;
				MTL_FAST_MATH = YES;
				SDKROOT = iphoneos;
				SWIFT_COMPILATION_MODE = wholemodule;
				SWIFT_OPTIMIZATION_LEVEL = "-O";
				VALIDATE_PRODUCT = YES;
			};
			name = Release;
		};
		E76880602666583600A1BBF3 /* Debug */ = {
			isa = XCBuildConfiguration;
			baseConfigurationReference = 0626311786A4B172A1368BDB /* Pods-Whateverbrary.debug.xcconfig */;
			buildSettings = {
				ASSETCATALOG_COMPILER_APPICON_NAME = AppIcon;
				ASSETCATALOG_COMPILER_GLOBAL_ACCENT_COLOR_NAME = AccentColor;
				CODE_SIGN_IDENTITY = "Apple Development";
				CODE_SIGN_STYLE = Automatic;
				DEVELOPMENT_TEAM = 243DG349TX;
				INFOPLIST_FILE = Whateverbrary/Info.plist;
				LD_RUNPATH_SEARCH_PATHS = (
					"$(inherited)",
					"@executable_path/Frameworks",
				);
				PRODUCT_BUNDLE_IDENTIFIER = ru.bag.mobile.Whateverbrary;
				PRODUCT_NAME = "$(TARGET_NAME)";
				PROVISIONING_PROFILE_SPECIFIER = "";
				SWIFT_VERSION = 5.0;
				TARGETED_DEVICE_FAMILY = "1,2";
			};
			name = Debug;
		};
		E76880612666583600A1BBF3 /* Release */ = {
			isa = XCBuildConfiguration;
			baseConfigurationReference = 74E105BDEAE50B6096F51A3B /* Pods-Whateverbrary.release.xcconfig */;
			buildSettings = {
				ASSETCATALOG_COMPILER_APPICON_NAME = AppIcon;
				ASSETCATALOG_COMPILER_GLOBAL_ACCENT_COLOR_NAME = AccentColor;
				CODE_SIGN_IDENTITY = "Apple Development";
				CODE_SIGN_STYLE = Automatic;
				DEVELOPMENT_TEAM = 243DG349TX;
				INFOPLIST_FILE = Whateverbrary/Info.plist;
				LD_RUNPATH_SEARCH_PATHS = (
					"$(inherited)",
					"@executable_path/Frameworks",
				);
				PRODUCT_BUNDLE_IDENTIFIER = ru.bag.mobile.Whateverbrary;
				PRODUCT_NAME = "$(TARGET_NAME)";
				PROVISIONING_PROFILE_SPECIFIER = "";
				SWIFT_VERSION = 5.0;
				TARGETED_DEVICE_FAMILY = "1,2";
			};
			name = Release;
		};
/* End XCBuildConfiguration section */

/* Begin XCConfigurationList section */
		E76880462666583400A1BBF3 /* Build configuration list for PBXProject "Whateverbrary" */ = {
			isa = XCConfigurationList;
			buildConfigurations = (
				E768805D2666583600A1BBF3 /* Debug */,
				E768805E2666583600A1BBF3 /* Release */,
			);
			defaultConfigurationIsVisible = 0;
			defaultConfigurationName = Release;
		};
		E768805F2666583600A1BBF3 /* Build configuration list for PBXNativeTarget "Whateverbrary" */ = {
			isa = XCConfigurationList;
			buildConfigurations = (
				E76880602666583600A1BBF3 /* Debug */,
				E76880612666583600A1BBF3 /* Release */,
			);
			defaultConfigurationIsVisible = 0;
			defaultConfigurationName = Release;
		};
/* End XCConfigurationList section */
	};
	rootObject = E76880432666583400A1BBF3 /* Project object */;
}
